// !$*UTF8*$!
{
	archiveVersion = 1;
	classes = {
	};
	objectVersion = 54;
	objects = {

/* Begin PBXBuildFile section */
		13B07FBF1A68108700A75B9A /* Images.xcassets in Resources */ = {isa = PBXBuildFile; fileRef = 13B07FB51A68108700A75B9A /* Images.xcassets */; };
		2E0C71F6E3A9A14D32AD3869 /* Foundation.framework in Frameworks */ = {isa = PBXBuildFile; fileRef = C7047E6A2ED3C0693EA5F7F9 /* Foundation.framework */; };
		3E461D99554A48A4959DE609 /* SplashScreen.storyboard in Resources */ = {isa = PBXBuildFile; fileRef = AA286B85B6C04FC6940260E9 /* SplashScreen.storyboard */; };
		5AFFFA6BFD36BE5C3A7F0A2C /* PrivacyInfo.xcprivacy in Resources */ = {isa = PBXBuildFile; fileRef = 151105DC6B8973393A22AE45 /* PrivacyInfo.xcprivacy */; };
			6A45D6F52D0F41B4A3C5E901 /* CALNativeComponents.swift in Sources */ = {isa = PBXBuildFile; fileRef = 6A45D6F62D0F41B4A3C5E901 /* CALNativeComponents.swift */; };
			6A45D6F72D0F41B4A3C5E901 /* TimeOffViews.swift in Sources */ = {isa = PBXBuildFile; fileRef = 6A45D6F82D0F41B4A3C5E901 /* TimeOffViews.swift */; };
			6A45D7012D0F41B4A3C5E901 /* DayScheduleDashboard.swift in Sources */ = {isa = PBXBuildFile; fileRef = 6A45D7022D0F41B4A3C5E901 /* DayScheduleDashboard.swift */; };
			6A45D7032D0F41B4A3C5E901 /* ScheduleWeekViews.swift in Sources */ = {isa = PBXBuildFile; fileRef = 6A45D7042D0F41B4A3C5E901 /* ScheduleWeekViews.swift */; };
			6A45D7192D0F41B4A3C5E901 /* ScheduleMonthViews.swift in Sources */ = {isa = PBXBuildFile; fileRef = 6A45D71A2D0F41B4A3C5E901 /* ScheduleMonthViews.swift */; };
			6A45D7072D0F41B4A3C5E901 /* NativeScheduleActions.swift in Sources */ = {isa = PBXBuildFile; fileRef = 6A45D7082D0F41B4A3C5E901 /* NativeScheduleActions.swift */; };
			6A45D7092D0F41B4A3C5E901 /* NativeScheduleProjection.swift in Sources */ = {isa = PBXBuildFile; fileRef = 6A45D70A2D0F41B4A3C5E901 /* NativeScheduleProjection.swift */; };
			6A45D70B2D0F41B4A3C5E901 /* NativeSessionService.swift in Sources */ = {isa = PBXBuildFile; fileRef = 6A45D70C2D0F41B4A3C5E901 /* NativeSessionService.swift */; };
			6A45D70D2D0F41B4A3C5E901 /* TimeOffRequestSheet.swift in Sources */ = {isa = PBXBuildFile; fileRef = 6A45D70E2D0F41B4A3C5E901 /* TimeOffRequestSheet.swift */; };
			6A45D70F2D0F41B4A3C5E901 /* TimeOffMonthViews.swift in Sources */ = {isa = PBXBuildFile; fileRef = 6A45D7102D0F41B4A3C5E901 /* TimeOffMonthViews.swift */; };
			6A45D7112D0F41B4A3C5E901 /* NativeAPIModels.swift in Sources */ = {isa = PBXBuildFile; fileRef = 6A45D7122D0F41B4A3C5E901 /* NativeAPIModels.swift */; };
			6A45D7152D0F41B4A3C5E901 /* CallCoverageViews.swift in Sources */ = {isa = PBXBuildFile; fileRef = 6A45D7162D0F41B4A3C5E901 /* CallCoverageViews.swift */; };
			6A45D7172D0F41B4A3C5E901 /* ScheduleDailyViews.swift in Sources */ = {isa = PBXBuildFile; fileRef = 6A45D7182D0F41B4A3C5E901 /* ScheduleDailyViews.swift */; };
			6A45D72F2D0F41B4A3C5E901 /* ClinicOrScheduleViews.swift in Sources */ = {isa = PBXBuildFile; fileRef = 6A45D7302D0F41B4A3C5E901 /* ClinicOrScheduleViews.swift */; };
			6A45D6F32D0F41B4A3C5E901 /* NativeAuthView.swift in Sources */ = {isa = PBXBuildFile; fileRef = 6A45D6F12D0F41B4A3C5E901 /* NativeAuthView.swift */; };
			6A45D71B2D0F41B4A3C5E901 /* NativeAuthAPIModels.swift in Sources */ = {isa = PBXBuildFile; fileRef = 6A45D71C2D0F41B4A3C5E901 /* NativeAuthAPIModels.swift */; };
			6A45D71D2D0F41B4A3C5E901 /* NativeTimeOffAPIModels.swift in Sources */ = {isa = PBXBuildFile; fileRef = 6A45D71E2D0F41B4A3C5E901 /* NativeTimeOffAPIModels.swift */; };
			6A45D71F2D0F41B4A3C5E901 /* NativeCallCoverageAPIModels.swift in Sources */ = {isa = PBXBuildFile; fileRef = 6A45D7202D0F41B4A3C5E901 /* NativeCallCoverageAPIModels.swift */; };
			6A45D7212D0F41B4A3C5E901 /* NativeScheduleLoader.swift in Sources */ = {isa = PBXBuildFile; fileRef = 6A45D7222D0F41B4A3C5E901 /* NativeScheduleLoader.swift */; };
			6A45D7232D0F41B4A3C5E901 /* PatientScheduleView.swift in Sources */ = {isa = PBXBuildFile; fileRef = 6A45D7242D0F41B4A3C5E901 /* PatientScheduleView.swift */; };
			6A45D7252D0F41B4A3C5E901 /* NativeBiometricService.swift in Sources */ = {isa = PBXBuildFile; fileRef = 6A45D7262D0F41B4A3C5E901 /* NativeBiometricService.swift */; };
			6A45D7272D0F41B4A3C5E901 /* NativePushRegistrar.swift in Sources */ = {isa = PBXBuildFile; fileRef = 6A45D7282D0F41B4A3C5E901 /* NativePushRegistrar.swift */; };
			6A45D7292D0F41B4A3C5E901 /* cal_alert.wav in Resources */ = {isa = PBXBuildFile; fileRef = 6A45D72A2D0F41B4A3C5E901 /* cal_alert.wav */; };
			6A45D72B2D0F41B4A3C5E901 /* NativeSchedulerModels.swift in Sources */ = {isa = PBXBuildFile; fileRef = 6A45D72C2D0F41B4A3C5E901 /* NativeSchedulerModels.swift */; };
			6A45D72D2D0F41B4A3C5E901 /* NativeSchedulerViews.swift in Sources */ = {isa = PBXBuildFile; fileRef = 6A45D72E2D0F41B4A3C5E901 /* NativeSchedulerViews.swift */; };
		6A45D6F42D0F41B4A3C5E901 /* CALNativeTabShell.swift in Sources */ = {isa = PBXBuildFile; fileRef = 6A45D6F22D0F41B4A3C5E901 /* CALNativeTabShell.swift */; };
		6A45D6F92D0F41B4A3C5E901 /* CALNativeModels.swift in Sources */ = {isa = PBXBuildFile; fileRef = 6A45D6FA2D0F41B4A3C5E901 /* CALNativeModels.swift */; };
		6A45D6FB2D0F41B4A3C5E901 /* NativeScheduleStore.swift in Sources */ = {isa = PBXBuildFile; fileRef = 6A45D6FC2D0F41B4A3C5E901 /* NativeScheduleStore.swift */; };
		6A45D6FD2D0F41B4A3C5E901 /* NativeCALClient.swift in Sources */ = {isa = PBXBuildFile; fileRef = 6A45D6FE2D0F41B4A3C5E901 /* NativeCALClient.swift */; };
		6A45D6FF2D0F41B4A3C5E901 /* CALKeychain.swift in Sources */ = {isa = PBXBuildFile; fileRef = 6A45D7002D0F41B4A3C5E901 /* CALKeychain.swift */; };
		7E1D9A1C3F4B47C8A12B3001 /* CALNativeRootView.swift in Sources */ = {isa = PBXBuildFile; fileRef = 7E1D9A1B3F4B47C8A12B3001 /* CALNativeRootView.swift */; };
		F11748422D0307B40044C1D9 /* AppDelegate.swift in Sources */ = {isa = PBXBuildFile; fileRef = F11748412D0307B40044C1D9 /* AppDelegate.swift */; };
/* End PBXBuildFile section */

/* Begin PBXFileReference section */
		13B07F961A680F5B00A75B9A /* CALNative.app */ = {isa = PBXFileReference; explicitFileType = wrapper.application; includeInIndex = 0; path = CALNative.app; sourceTree = BUILT_PRODUCTS_DIR; };
		13B07FB51A68108700A75B9A /* Images.xcassets */ = {isa = PBXFileReference; lastKnownFileType = folder.assetcatalog; name = Images.xcassets; path = CALNative/Images.xcassets; sourceTree = "<group>"; };
		13B07FB61A68108700A75B9A /* Info.plist */ = {isa = PBXFileReference; fileEncoding = 4; lastKnownFileType = text.plist.xml; name = Info.plist; path = CALNative/Info.plist; sourceTree = "<group>"; };
		151105DC6B8973393A22AE45 /* PrivacyInfo.xcprivacy */ = {isa = PBXFileReference; includeInIndex = 1; lastKnownFileType = text.xml; name = PrivacyInfo.xcprivacy; path = CALNative/PrivacyInfo.xcprivacy; sourceTree = "<group>"; };
			6A45D6F62D0F41B4A3C5E901 /* CALNativeComponents.swift */ = {isa = PBXFileReference; lastKnownFileType = sourcecode.swift; name = CALNativeComponents.swift; path = CALNative/CALNativeComponents.swift; sourceTree = "<group>"; };
			6A45D6F82D0F41B4A3C5E901 /* TimeOffViews.swift */ = {isa = PBXFileReference; lastKnownFileType = sourcecode.swift; name = TimeOffViews.swift; path = CALNative/TimeOffViews.swift; sourceTree = "<group>"; };
			6A45D7022D0F41B4A3C5E901 /* DayScheduleDashboard.swift */ = {isa = PBXFileReference; lastKnownFileType = sourcecode.swift; name = DayScheduleDashboard.swift; path = CALNative/DayScheduleDashboard.swift; sourceTree = "<group>"; };
			6A45D7042D0F41B4A3C5E901 /* ScheduleWeekViews.swift */ = {isa = PBXFileReference; lastKnownFileType = sourcecode.swift; name = ScheduleWeekViews.swift; path = CALNative/ScheduleWeekViews.swift; sourceTree = "<group>"; };
			6A45D71A2D0F41B4A3C5E901 /* ScheduleMonthViews.swift */ = {isa = PBXFileReference; lastKnownFileType = sourcecode.swift; name = ScheduleMonthViews.swift; path = CALNative/ScheduleMonthViews.swift; sourceTree = "<group>"; };
			6A45D7082D0F41B4A3C5E901 /* NativeScheduleActions.swift */ = {isa = PBXFileReference; lastKnownFileType = sourcecode.swift; name = NativeScheduleActions.swift; path = CALNative/NativeScheduleActions.swift; sourceTree = "<group>"; };
			6A45D70A2D0F41B4A3C5E901 /* NativeScheduleProjection.swift */ = {isa = PBXFileReference; lastKnownFileType = sourcecode.swift; name = NativeScheduleProjection.swift; path = CALNative/NativeScheduleProjection.swift; sourceTree = "<group>"; };
			6A45D70C2D0F41B4A3C5E901 /* NativeSessionService.swift */ = {isa = PBXFileReference; lastKnownFileType = sourcecode.swift; name = NativeSessionService.swift; path = CALNative/NativeSessionService.swift; sourceTree = "<group>"; };
			6A45D70E2D0F41B4A3C5E901 /* TimeOffRequestSheet.swift */ = {isa = PBXFileReference; lastKnownFileType = sourcecode.swift; name = TimeOffRequestSheet.swift; path = CALNative/TimeOffRequestSheet.swift; sourceTree = "<group>"; };
			6A45D7102D0F41B4A3C5E901 /* TimeOffMonthViews.swift */ = {isa = PBXFileReference; lastKnownFileType = sourcecode.swift; name = TimeOffMonthViews.swift; path = CALNative/TimeOffMonthViews.swift; sourceTree = "<group>"; };
			6A45D7122D0F41B4A3C5E901 /* NativeAPIModels.swift */ = {isa = PBXFileReference; lastKnownFileType = sourcecode.swift; name = NativeAPIModels.swift; path = CALNative/NativeAPIModels.swift; sourceTree = "<group>"; };
			6A45D7162D0F41B4A3C5E901 /* CallCoverageViews.swift */ = {isa = PBXFileReference; lastKnownFileType = sourcecode.swift; name = CallCoverageViews.swift; path = CALNative/CallCoverageViews.swift; sourceTree = "<group>"; };
			6A45D7182D0F41B4A3C5E901 /* ScheduleDailyViews.swift */ = {isa = PBXFileReference; lastKnownFileType = sourcecode.swift; name = ScheduleDailyViews.swift; path = CALNative/ScheduleDailyViews.swift; sourceTree = "<group>"; };
			6A45D7302D0F41B4A3C5E901 /* ClinicOrScheduleViews.swift */ = {isa = PBXFileReference; lastKnownFileType = sourcecode.swift; name = ClinicOrScheduleViews.swift; path = CALNative/ClinicOrScheduleViews.swift; sourceTree = "<group>"; };
			6A45D6F12D0F41B4A3C5E901 /* NativeAuthView.swift */ = {isa = PBXFileReference; lastKnownFileType = sourcecode.swift; name = NativeAuthView.swift; path = CALNative/NativeAuthView.swift; sourceTree = "<group>"; };
			6A45D71C2D0F41B4A3C5E901 /* NativeAuthAPIModels.swift */ = {isa = PBXFileReference; lastKnownFileType = sourcecode.swift; name = NativeAuthAPIModels.swift; path = CALNative/NativeAuthAPIModels.swift; sourceTree = "<group>"; };
			6A45D71E2D0F41B4A3C5E901 /* NativeTimeOffAPIModels.swift */ = {isa = PBXFileReference; lastKnownFileType = sourcecode.swift; name = NativeTimeOffAPIModels.swift; path = CALNative/NativeTimeOffAPIModels.swift; sourceTree = "<group>"; };
			6A45D7202D0F41B4A3C5E901 /* NativeCallCoverageAPIModels.swift */ = {isa = PBXFileReference; lastKnownFileType = sourcecode.swift; name = NativeCallCoverageAPIModels.swift; path = CALNative/NativeCallCoverageAPIModels.swift; sourceTree = "<group>"; };
			6A45D7222D0F41B4A3C5E901 /* NativeScheduleLoader.swift */ = {isa = PBXFileReference; lastKnownFileType = sourcecode.swift; name = NativeScheduleLoader.swift; path = CALNative/NativeScheduleLoader.swift; sourceTree = "<group>"; };
			6A45D7242D0F41B4A3C5E901 /* PatientScheduleView.swift */ = {isa = PBXFileReference; lastKnownFileType = sourcecode.swift; name = PatientScheduleView.swift; path = CALNative/PatientScheduleView.swift; sourceTree = "<group>"; };
			6A45D7262D0F41B4A3C5E901 /* NativeBiometricService.swift */ = {isa = PBXFileReference; lastKnownFileType = sourcecode.swift; name = NativeBiometricService.swift; path = CALNative/NativeBiometricService.swift; sourceTree = "<group>"; };
			6A45D7282D0F41B4A3C5E901 /* NativePushRegistrar.swift */ = {isa = PBXFileReference; lastKnownFileType = sourcecode.swift; name = NativePushRegistrar.swift; path = CALNative/NativePushRegistrar.swift; sourceTree = "<group>"; };
			6A45D72A2D0F41B4A3C5E901 /* cal_alert.wav */ = {isa = PBXFileReference; lastKnownFileType = audio.wav; name = cal_alert.wav; path = CALNative/cal_alert.wav; sourceTree = "<group>"; };
			6A45D72C2D0F41B4A3C5E901 /* NativeSchedulerModels.swift */ = {isa = PBXFileReference; lastKnownFileType = sourcecode.swift; name = NativeSchedulerModels.swift; path = CALNative/NativeSchedulerModels.swift; sourceTree = "<group>"; };
			6A45D72E2D0F41B4A3C5E901 /* NativeSchedulerViews.swift */ = {isa = PBXFileReference; lastKnownFileType = sourcecode.swift; name = NativeSchedulerViews.swift; path = CALNative/NativeSchedulerViews.swift; sourceTree = "<group>"; };
		6A45D6F22D0F41B4A3C5E901 /* CALNativeTabShell.swift */ = {isa = PBXFileReference; lastKnownFileType = sourcecode.swift; name = CALNativeTabShell.swift; path = CALNative/CALNativeTabShell.swift; sourceTree = "<group>"; };
		6A45D6FA2D0F41B4A3C5E901 /* CALNativeModels.swift */ = {isa = PBXFileReference; lastKnownFileType = sourcecode.swift; name = CALNativeModels.swift; path = CALNative/CALNativeModels.swift; sourceTree = "<group>"; };
		6A45D6FC2D0F41B4A3C5E901 /* NativeScheduleStore.swift */ = {isa = PBXFileReference; lastKnownFileType = sourcecode.swift; name = NativeScheduleStore.swift; path = CALNative/NativeScheduleStore.swift; sourceTree = "<group>"; };
		6A45D6FE2D0F41B4A3C5E901 /* NativeCALClient.swift */ = {isa = PBXFileReference; lastKnownFileType = sourcecode.swift; name = NativeCALClient.swift; path = CALNative/NativeCALClient.swift; sourceTree = "<group>"; };
		6A45D7002D0F41B4A3C5E901 /* CALKeychain.swift */ = {isa = PBXFileReference; lastKnownFileType = sourcecode.swift; name = CALKeychain.swift; path = CALNative/CALKeychain.swift; sourceTree = "<group>"; };
		7E1D9A1B3F4B47C8A12B3001 /* CALNativeRootView.swift */ = {isa = PBXFileReference; lastKnownFileType = sourcecode.swift; name = CALNativeRootView.swift; path = CALNative/CALNativeRootView.swift; sourceTree = "<group>"; };
		AA286B85B6C04FC6940260E9 /* SplashScreen.storyboard */ = {isa = PBXFileReference; fileEncoding = 4; lastKnownFileType = file.storyboard; name = SplashScreen.storyboard; path = CALNative/SplashScreen.storyboard; sourceTree = "<group>"; };
		F11748412D0307B40044C1D9 /* AppDelegate.swift */ = {isa = PBXFileReference; lastKnownFileType = sourcecode.swift; name = AppDelegate.swift; path = CALNative/AppDelegate.swift; sourceTree = "<group>"; };
		F11748442D0722820044C1D9 /* CALNative-Bridging-Header.h */ = {isa = PBXFileReference; lastKnownFileType = sourcecode.c.h; name = "CALNative-Bridging-Header.h"; path = "CALNative/CALNative-Bridging-Header.h"; sourceTree = "<group>"; };
/* End PBXFileReference section */

/* Begin PBXFrameworksBuildPhase section */
		13B07F8C1A680F5B00A75B9A /* Frameworks */ = {
			isa = PBXFrameworksBuildPhase;
			buildActionMask = 2147483647;
			files = (
			);
			runOnlyForDeploymentPostprocessing = 0;
		};
/* End PBXFrameworksBuildPhase section */

/* Begin PBXGroup section */
		13B07FAE1A68108700A75B9A /* CALNative */ = {
			isa = PBXGroup;
			children = (
						F11748412D0307B40044C1D9 /* AppDelegate.swift */,
						7E1D9A1B3F4B47C8A12B3001 /* CALNativeRootView.swift */,
						6A45D7022D0F41B4A3C5E901 /* DayScheduleDashboard.swift */,
						6A45D7042D0F41B4A3C5E901 /* ScheduleWeekViews.swift */,
						6A45D71A2D0F41B4A3C5E901 /* ScheduleMonthViews.swift */,
						6A45D6FA2D0F41B4A3C5E901 /* CALNativeModels.swift */,
						6A45D7122D0F41B4A3C5E901 /* NativeAPIModels.swift */,
						6A45D71C2D0F41B4A3C5E901 /* NativeAuthAPIModels.swift */,
						6A45D72C2D0F41B4A3C5E901 /* NativeSchedulerModels.swift */,
						6A45D71E2D0F41B4A3C5E901 /* NativeTimeOffAPIModels.swift */,
						6A45D7202D0F41B4A3C5E901 /* NativeCallCoverageAPIModels.swift */,
						6A45D7162D0F41B4A3C5E901 /* CallCoverageViews.swift */,
						6A45D7182D0F41B4A3C5E901 /* ScheduleDailyViews.swift */,
						6A45D7302D0F41B4A3C5E901 /* ClinicOrScheduleViews.swift */,
						6A45D7242D0F41B4A3C5E901 /* PatientScheduleView.swift */,
					6A45D6FC2D0F41B4A3C5E901 /* NativeScheduleStore.swift */,
					6A45D7222D0F41B4A3C5E901 /* NativeScheduleLoader.swift */,
					6A45D7082D0F41B4A3C5E901 /* NativeScheduleActions.swift */,
					6A45D70A2D0F41B4A3C5E901 /* NativeScheduleProjection.swift */,
					6A45D70C2D0F41B4A3C5E901 /* NativeSessionService.swift */,
					6A45D7262D0F41B4A3C5E901 /* NativeBiometricService.swift */,
					6A45D7282D0F41B4A3C5E901 /* NativePushRegistrar.swift */,
					6A45D6FE2D0F41B4A3C5E901 /* NativeCALClient.swift */,
					6A45D7002D0F41B4A3C5E901 /* CALKeychain.swift */,
					6A45D6F62D0F41B4A3C5E901 /* CALNativeComponents.swift */,
				6A45D6F22D0F41B4A3C5E901 /* CALNativeTabShell.swift */,
				6A45D6F82D0F41B4A3C5E901 /* TimeOffViews.swift */,
				6A45D72E2D0F41B4A3C5E901 /* NativeSchedulerViews.swift */,
				6A45D70E2D0F41B4A3C5E901 /* TimeOffRequestSheet.swift */,
				6A45D7102D0F41B4A3C5E901 /* TimeOffMonthViews.swift */,
				6A45D6F12D0F41B4A3C5E901 /* NativeAuthView.swift */,
				F11748442D0722820044C1D9 /* CALNative-Bridging-Header.h */,
				13B07FB51A68108700A75B9A /* Images.xcassets */,
				13B07FB61A68108700A75B9A /* Info.plist */,
				AA286B85B6C04FC6940260E9 /* SplashScreen.storyboard */,
				6A45D72A2D0F41B4A3C5E901 /* cal_alert.wav */,
				151105DC6B8973393A22AE45 /* PrivacyInfo.xcprivacy */,
			);
			name = CALNative;
			sourceTree = "<group>";
		};
		2D16E6871FA4F8E400B85C8A /* Frameworks */ = {
			isa = PBXGroup;
			children = (
			);
			name = Frameworks;
			sourceTree = "<group>";
		};
		832341AE1AAA6A7D00B99B32 /* Libraries */ = {
			isa = PBXGroup;
			children = (
			);
			name = Libraries;
			sourceTree = "<group>";
		};
		83CBB9F61A601CBA00E9B192 = {
			isa = PBXGroup;
			children = (
				13B07FAE1A68108700A75B9A /* CALNative */,
				832341AE1AAA6A7D00B99B32 /* Libraries */,
				83CBBA001A601CBA00E9B192 /* Products */,
				2D16E6871FA4F8E400B85C8A /* Frameworks */,
			);
			indentWidth = 2;
			sourceTree = "<group>";
			tabWidth = 2;
			usesTabs = 0;
		};
		83CBBA001A601CBA00E9B192 /* Products */ = {
			isa = PBXGroup;
			children = (
				13B07F961A680F5B00A75B9A /* CALNative.app */,
			);
			name = Products;
			sourceTree = "<group>";
		};
/* End PBXGroup section */

/* Begin PBXNativeTarget section */
		13B07F861A680F5B00A75B9A /* CALNative */ = {
			isa = PBXNativeTarget;
			buildConfigurationList = 13B07F931A680F5B00A75B9A /* Build configuration list for PBXNativeTarget "CALNative" */;
			buildPhases = (
				13B07F871A680F5B00A75B9A /* Sources */,
				13B07F8C1A680F5B00A75B9A /* Frameworks */,
				13B07F8E1A680F5B00A75B9A /* Resources */,
			);
			buildRules = (
			);
			dependencies = (
			);
			name = CALNative;
			productName = CALNative;
			productReference = 13B07F961A680F5B00A75B9A /* CALNative.app */;
			productType = "com.apple.product-type.application";
		};
/* End PBXNativeTarget section */

/* Begin PBXProject section */
		83CBB9F71A601CBA00E9B192 /* Project object */ = {
			isa = PBXProject;
			attributes = {
				LastUpgradeCheck = 1130;
				TargetAttributes = {
					13B07F861A680F5B00A75B9A = {
						LastSwiftMigration = 1250;
					};
				};
			};
			buildConfigurationList = 83CBB9FA1A601CBA00E9B192 /* Build configuration list for PBXProject "CALNative" */;
			compatibilityVersion = "Xcode 3.2";
			developmentRegion = en;
			hasScannedForEncodings = 0;
			knownRegions = (
				en,
				Base,
			);
			mainGroup = 83CBB9F61A601CBA00E9B192;
			productRefGroup = 83CBBA001A601CBA00E9B192 /* Products */;
			projectDirPath = "";
			projectRoot = "";
			targets = (
				13B07F861A680F5B00A75B9A /* CALNative */,
			);
		};
/* End PBXProject section */

/* Begin PBXResourcesBuildPhase section */
		13B07F8E1A680F5B00A75B9A /* Resources */ = {
			isa = PBXResourcesBuildPhase;
			buildActionMask = 2147483647;
			files = (
				13B07FBF1A68108700A75B9A /* Images.xcassets in Resources */,
				3E461D99554A48A4959DE609 /* SplashScreen.storyboard in Resources */,
				6A45D7292D0F41B4A3C5E901 /* cal_alert.wav in Resources */,
				5AFFFA6BFD36BE5C3A7F0A2C /* PrivacyInfo.xcprivacy in Resources */,
			);
			runOnlyForDeploymentPostprocessing = 0;
		};
/* End PBXResourcesBuildPhase section */

/* Begin PBXSourcesBuildPhase section */
		13B07F871A680F5B00A75B9A /* Sources */ = {
			isa = PBXSourcesBuildPhase;
			buildActionMask = 2147483647;
			files = (
				F11748422D0307B40044C1D9 /* AppDelegate.swift in Sources */,
				7E1D9A1C3F4B47C8A12B3001 /* CALNativeRootView.swift in Sources */,
				6A45D6F52D0F41B4A3C5E901 /* CALNativeComponents.swift in Sources */,
						6A45D6F42D0F41B4A3C5E901 /* CALNativeTabShell.swift in Sources */,
						6A45D7012D0F41B4A3C5E901 /* DayScheduleDashboard.swift in Sources */,
						6A45D7032D0F41B4A3C5E901 /* ScheduleWeekViews.swift in Sources */,
						6A45D7192D0F41B4A3C5E901 /* ScheduleMonthViews.swift in Sources */,
						6A45D6F72D0F41B4A3C5E901 /* TimeOffViews.swift in Sources */,
						6A45D70D2D0F41B4A3C5E901 /* TimeOffRequestSheet.swift in Sources */,
						6A45D70F2D0F41B4A3C5E901 /* TimeOffMonthViews.swift in Sources */,
					6A45D6F32D0F41B4A3C5E901 /* NativeAuthView.swift in Sources */,
					6A45D6F92D0F41B4A3C5E901 /* CALNativeModels.swift in Sources */,
					6A45D7112D0F41B4A3C5E901 /* NativeAPIModels.swift in Sources */,
					6A45D71B2D0F41B4A3C5E901 /* NativeAuthAPIModels.swift in Sources */,
					6A45D72B2D0F41B4A3C5E901 /* NativeSchedulerModels.swift in Sources */,
					6A45D71D2D0F41B4A3C5E901 /* NativeTimeOffAPIModels.swift in Sources */,
					6A45D71F2D0F41B4A3C5E901 /* NativeCallCoverageAPIModels.swift in Sources */,
					6A45D7152D0F41B4A3C5E901 /* CallCoverageViews.swift in Sources */,
					6A45D7172D0F41B4A3C5E901 /* ScheduleDailyViews.swift in Sources */,
					6A45D72F2D0F41B4A3C5E901 /* ClinicOrScheduleViews.swift in Sources */,
					6A45D72D2D0F41B4A3C5E901 /* NativeSchedulerViews.swift in Sources */,
					6A45D6FB2D0F41B4A3C5E901 /* NativeScheduleStore.swift in Sources */,
					6A45D7212D0F41B4A3C5E901 /* NativeScheduleLoader.swift in Sources */,
					6A45D7232D0F41B4A3C5E901 /* PatientScheduleView.swift in Sources */,
					6A45D7072D0F41B4A3C5E901 /* NativeScheduleActions.swift in Sources */,
					6A45D7092D0F41B4A3C5E901 /* NativeScheduleProjection.swift in Sources */,
					6A45D70B2D0F41B4A3C5E901 /* NativeSessionService.swift in Sources */,
					6A45D7252D0F41B4A3C5E901 /* NativeBiometricService.swift in Sources */,
					6A45D7272D0F41B4A3C5E901 /* NativePushRegistrar.swift in Sources */,
					6A45D6FD2D0F41B4A3C5E901 /* NativeCALClient.swift in Sources */,
					6A45D6FF2D0F41B4A3C5E901 /* CALKeychain.swift in Sources */,
			);
			runOnlyForDeploymentPostprocessing = 0;
		};
/* End PBXSourcesBuildPhase section */

/* Begin XCBuildConfiguration section */
		13B07F941A680F5B00A75B9A /* Debug */ = {
			isa = XCBuildConfiguration;
			buildSettings = {
				ASSETCATALOG_COMPILER_APPICON_NAME = AppIcon;
				CLANG_ENABLE_MODULES = YES;
				CODE_SIGN_ENTITLEMENTS = CALNative/CALNative.entitlements;
				CODE_SIGN_IDENTITY = "iPhone Distribution";
				CODE_SIGN_STYLE = Manual;
				CURRENT_PROJECT_VERSION = 18;
				DEVELOPMENT_TEAM = 9JJV6C7LD4;
				ENABLE_BITCODE = NO;
				INFOPLIST_FILE = CALNative/Info.plist;
				IPHONEOS_DEPLOYMENT_TARGET = 15.1;
				LD_RUNPATH_SEARCH_PATHS = (
					"$(inherited)",
					"@executable_path/Frameworks",
				);
				MARKETING_VERSION = 1.0.1;
				PRODUCT_BUNDLE_IDENTIFIER = com.midfloridasurgical.calnative;
				PRODUCT_NAME = CALNative;
				PROVISIONING_PROFILE_SPECIFIER = "CAL Native Appstore Distribution";
				SUPPORTS_MACCATALYST = YES;
				SUPPORTS_MAC_DESIGNED_FOR_IPAD = YES;
				SWIFT_OPTIMIZATION_LEVEL = "-Onone";
				SWIFT_VERSION = 5.0;
				TARGETED_DEVICE_FAMILY = "1,2";
				VERSIONING_SYSTEM = "apple-generic";
			};
			name = Debug;
		};
		13B07F951A680F5B00A75B9A /* Release */ = {
			isa = XCBuildConfiguration;
			buildSettings = {
				ASSETCATALOG_COMPILER_APPICON_NAME = AppIcon;
				CLANG_ENABLE_MODULES = YES;
				CODE_SIGN_ENTITLEMENTS = CALNative/CALNative.entitlements;
				CODE_SIGN_IDENTITY = "iPhone Distribution";
				CODE_SIGN_STYLE = Manual;
				CURRENT_PROJECT_VERSION = 18;
				DEVELOPMENT_TEAM = 9JJV6C7LD4;
				INFOPLIST_FILE = CALNative/Info.plist;
				IPHONEOS_DEPLOYMENT_TARGET = 15.1;
				LD_RUNPATH_SEARCH_PATHS = (
					"$(inherited)",
					"@executable_path/Frameworks",
				);
				MARKETING_VERSION = 1.0.1;
				PRODUCT_BUNDLE_IDENTIFIER = com.midfloridasurgical.calnative;
				PRODUCT_NAME = CALNative;
				PROVISIONING_PROFILE_SPECIFIER = "CAL Native Appstore Distribution";
				SUPPORTS_MACCATALYST = YES;
				SUPPORTS_MAC_DESIGNED_FOR_IPAD = YES;
				SWIFT_VERSION = 5.0;
				TARGETED_DEVICE_FAMILY = "1,2";
				VERSIONING_SYSTEM = "apple-generic";
			};
			name = Release;
		};
		83CBBA201A601CBA00E9B192 /* Debug */ = {
			isa = XCBuildConfiguration;
			buildSettings = {
				ALWAYS_SEARCH_USER_PATHS = NO;
				CLANG_ANALYZER_LOCALIZABILITY_NONLOCALIZED = YES;
				CLANG_CXX_LANGUAGE_STANDARD = "c++20";
				CLANG_CXX_LIBRARY = "libc++";
				CLANG_ENABLE_MODULES = YES;
				CLANG_ENABLE_OBJC_ARC = YES;
				CLANG_WARN_BLOCK_CAPTURE_AUTORELEASING = YES;
				CLANG_WARN_BOOL_CONVERSION = YES;
				CLANG_WARN_COMMA = YES;
				CLANG_WARN_CONSTANT_CONVERSION = YES;
				CLANG_WARN_DEPRECATED_OBJC_IMPLEMENTATIONS = YES;
				CLANG_WARN_DIRECT_OBJC_ISA_USAGE = YES_ERROR;
				CLANG_WARN_EMPTY_BODY = YES;
				CLANG_WARN_ENUM_CONVERSION = YES;
				CLANG_WARN_INFINITE_RECURSION = YES;
				CLANG_WARN_INT_CONVERSION = YES;
				CLANG_WARN_NON_LITERAL_NULL_CONVERSION = YES;
				CLANG_WARN_OBJC_IMPLICIT_RETAIN_SELF = YES;
				CLANG_WARN_OBJC_LITERAL_CONVERSION = YES;
				CLANG_WARN_OBJC_ROOT_CLASS = YES_ERROR;
				CLANG_WARN_RANGE_LOOP_ANALYSIS = YES;
				CLANG_WARN_STRICT_PROTOTYPES = YES;
				CLANG_WARN_SUSPICIOUS_MOVE = YES;
				CLANG_WARN_UNREACHABLE_CODE = YES;
				CLANG_WARN__DUPLICATE_METHOD_MATCH = YES;
				"CODE_SIGN_IDENTITY[sdk=iphoneos*]" = "iPhone Developer";
				COPY_PHASE_STRIP = NO;
				ENABLE_STRICT_OBJC_MSGSEND = YES;
				ENABLE_TESTABILITY = YES;
				GCC_C_LANGUAGE_STANDARD = gnu99;
				GCC_DYNAMIC_NO_PIC = NO;
				GCC_NO_COMMON_BLOCKS = YES;
				GCC_OPTIMIZATION_LEVEL = 0;
				GCC_PREPROCESSOR_DEFINITIONS = (
					"DEBUG=1",
					"$(inherited)",
				);
				GCC_SYMBOLS_PRIVATE_EXTERN = NO;
				GCC_WARN_64_TO_32_BIT_CONVERSION = YES;
				GCC_WARN_ABOUT_RETURN_TYPE = YES_ERROR;
				GCC_WARN_UNDECLARED_SELECTOR = YES;
				GCC_WARN_UNINITIALIZED_AUTOS = YES_AGGRESSIVE;
				GCC_WARN_UNUSED_FUNCTION = YES;
				GCC_WARN_UNUSED_VARIABLE = YES;
				IPHONEOS_DEPLOYMENT_TARGET = 15.1;
				LD_RUNPATH_SEARCH_PATHS = (
					/usr/lib/swift,
					"$(inherited)",
				);
				LIBRARY_SEARCH_PATHS = "$(SDKROOT)/usr/lib/swift\"$(inherited)\"";
				MTL_ENABLE_DEBUG_INFO = YES;
				ONLY_ACTIVE_ARCH = YES;
				OTHER_CFLAGS = "$(inherited)";
				OTHER_CPLUSPLUSFLAGS = "$(inherited)";
				SDKROOT = iphoneos;
				SWIFT_ACTIVE_COMPILATION_CONDITIONS = "$(inherited) DEBUG";
				SWIFT_ENABLE_EXPLICIT_MODULES = NO;
			};
			name = Debug;
		};
		83CBBA211A601CBA00E9B192 /* Release */ = {
			isa = XCBuildConfiguration;
			buildSettings = {
				ALWAYS_SEARCH_USER_PATHS = NO;
				CLANG_ANALYZER_LOCALIZABILITY_NONLOCALIZED = YES;
				CLANG_CXX_LANGUAGE_STANDARD = "c++20";
				CLANG_CXX_LIBRARY = "libc++";
				CLANG_ENABLE_MODULES = YES;
				CLANG_ENABLE_OBJC_ARC = YES;
				CLANG_WARN_BLOCK_CAPTURE_AUTORELEASING = YES;
				CLANG_WARN_BOOL_CONVERSION = YES;
				CLANG_WARN_COMMA = YES;
				CLANG_WARN_CONSTANT_CONVERSION = YES;
				CLANG_WARN_DEPRECATED_OBJC_IMPLEMENTATIONS = YES;
				CLANG_WARN_DIRECT_OBJC_ISA_USAGE = YES_ERROR;
				CLANG_WARN_EMPTY_BODY = YES;
				CLANG_WARN_ENUM_CONVERSION = YES;
				CLANG_WARN_INFINITE_RECURSION = YES;
				CLANG_WARN_INT_CONVERSION = YES;
				CLANG_WARN_NON_LITERAL_NULL_CONVERSION = YES;
				CLANG_WARN_OBJC_IMPLICIT_RETAIN_SELF = YES;
				CLANG_WARN_OBJC_LITERAL_CONVERSION = YES;
				CLANG_WARN_OBJC_ROOT_CLASS = YES_ERROR;
				CLANG_WARN_RANGE_LOOP_ANALYSIS = YES;
				CLANG_WARN_STRICT_PROTOTYPES = YES;
				CLANG_WARN_SUSPICIOUS_MOVE = YES;
				CLANG_WARN_UNREACHABLE_CODE = YES;
				CLANG_WARN__DUPLICATE_METHOD_MATCH = YES;
				"CODE_SIGN_IDENTITY[sdk=iphoneos*]" = "iPhone Developer";
				COPY_PHASE_STRIP = YES;
				ENABLE_NS_ASSERTIONS = NO;
				ENABLE_STRICT_OBJC_MSGSEND = YES;
				GCC_C_LANGUAGE_STANDARD = gnu99;
				GCC_NO_COMMON_BLOCKS = YES;
				GCC_WARN_64_TO_32_BIT_CONVERSION = YES;
				GCC_WARN_ABOUT_RETURN_TYPE = YES_ERROR;
				GCC_WARN_UNDECLARED_SELECTOR = YES;
				GCC_WARN_UNINITIALIZED_AUTOS = YES_AGGRESSIVE;
				GCC_WARN_UNUSED_FUNCTION = YES;
				GCC_WARN_UNUSED_VARIABLE = YES;
				IPHONEOS_DEPLOYMENT_TARGET = 15.1;
				LD_RUNPATH_SEARCH_PATHS = (
					/usr/lib/swift,
					"$(inherited)",
				);
				LIBRARY_SEARCH_PATHS = "$(SDKROOT)/usr/lib/swift\"$(inherited)\"";
				MTL_ENABLE_DEBUG_INFO = NO;
				OTHER_CFLAGS = "$(inherited)";
				OTHER_CPLUSPLUSFLAGS = "$(inherited)";
				SDKROOT = iphoneos;
				SWIFT_ENABLE_EXPLICIT_MODULES = NO;
				VALIDATE_PRODUCT = YES;
			};
			name = Release;
		};
/* End XCBuildConfiguration section */

/* Begin XCConfigurationList section */
		13B07F931A680F5B00A75B9A /* Build configuration list for PBXNativeTarget "CALNative" */ = {
			isa = XCConfigurationList;
			buildConfigurations = (
				13B07F941A680F5B00A75B9A /* Debug */,
				13B07F951A680F5B00A75B9A /* Release */,
			);
			defaultConfigurationIsVisible = 0;
			defaultConfigurationName = Release;
		};
		83CBB9FA1A601CBA00E9B192 /* Build configuration list for PBXProject "CALNative" */ = {
			isa = XCConfigurationList;
			buildConfigurations = (
				83CBBA201A601CBA00E9B192 /* Debug */,
				83CBBA211A601CBA00E9B192 /* Release */,
			);
			defaultConfigurationIsVisible = 0;
			defaultConfigurationName = Release;
		};
/* End XCConfigurationList section */
	};
	rootObject = 83CBB9F71A601CBA00E9B192 /* Project object */;
}
